<Solution>
  <Folder Name="/samples/">
    <Project Path="samples/SecureId.SampleApi/SecureId.SampleApi.csproj" />
  </Folder>
  <Folder Name="/src/">
    <Project Path="src/SecureId/SecureId.csproj" />
  </Folder>
  <Folder Name="/tests/">
    <Project Path="tests/SecureId.Tests/SecureId.Tests.csproj" />
  </Folder>
</Solution>
